
Microsoft Visual Studio Solution File, Format Version 12.00
# Visual Studio Version 17
VisualStudioVersion = 17.14.37301.10 d17.14
MinimumVisualStudioVersion = 10.0.40219.1
Project("{FAE04EC0-301F-11D3-BF4B-00C04F79EFBC}") = "Group6_SolutionStack_Phase1", "Group6_SolutionStack_Phase1\Group6_SolutionStack_Phase1.csproj", "{2C65EE05-28BD-4C63-873C-F6E64C964B64}"
EndProject
Global
	GlobalSection(SolutionConfigurationPlatforms) = preSolution
		Debug|Any CPU = Debug|Any CPU
		Release|Any CPU = Release|Any CPU
	EndGlobalSection
	GlobalSection(ProjectConfigurationPlatforms) = postSolution
		{2C65EE05-28BD-4C63-873C-F6E64C964B64}.Debug|Any CPU.ActiveCfg = Debug|Any CPU
		{2C65EE05-28BD-4C63-873C-F6E64C964B64}.Debug|Any CPU.Build.0 = Debug|Any CPU
		{2C65EE05-28BD-4C63-873C-F6E64C964B64}.Release|Any CPU.ActiveCfg = Release|Any CPU
		{2C65EE05-28BD-4C63-873C-F6E64C964B64}.Release|Any CPU.Build.0 = Release|Any CPU
	EndGlobalSection
	GlobalSection(SolutionProperties) = preSolution
		HideSolutionNode = FALSE
	EndGlobalSection
	GlobalSection(ExtensibilityGlobals) = postSolution
		SolutionGuid = {E89EBF5D-8191-4E80-8477-ADB570AB7320}
	EndGlobalSection
EndGlobal
